#MicroXplorer Configuration settings - do not modify
Mcu.Family=STM32F4
ProjectManager.MainLocation=Core/Src
RCC.CortexFreq_Value=100000000
ProjectManager.KeepUserCode=true
Mcu.UserName=STM32F411CEUx
SPI2.VirtualType=VM_MASTER
VP_ADC1_TempSens_Input.Mode=IN-TempSens
RCC.PLLCLKFreq_Value=100000000
RCC.PLLQCLKFreq_Value=50000000
ProjectManager.functionlistsort=1-MX_GPIO_Init-GPIO-false-HAL-true,2-SystemClock_Config-RCC-false-HAL-true,3-MX_USART1_UART_Init-USART1-false-HAL-true,4-MX_ADC1_Init-ADC1-false-HAL-true
PA11.Mode=Asynchronous
RCC.RTCFreq_Value=32000
PB6.GPIO_Label=LED2
USART1.IPParameters=VirtualMode
PB13.Signal=SPI2_SCK
PB15.Signal=SPI2_MOSI
PinOutPanel.RotationAngle=0
RCC.SYSCLKSource=RCC_SYSCLKSOURCE_PLLCLK
ProjectManager.StackSize=0x400
Mcu.IP4=SPI2
RCC.FCLKCortexFreq_Value=100000000
Mcu.IP5=SYS
I2C1.IPParameters=I2C_Mode
Mcu.IP2=NVIC
NVIC.SVCall_IRQn=true\:0\:0\:false\:false\:false\:false\:false
Mcu.IP3=RCC
PA15.GPIO_Label=LED1
Mcu.IP0=ADC1
PA12.Locked=true
Mcu.IP1=I2C1
PA12.Signal=USART6_RX
Mcu.UserConstants=
PH0\ -\ OSC_IN.Signal=RCC_OSC_IN
Mcu.ThirdPartyNb=0
RCC.HCLKFreq_Value=100000000
Mcu.IPNb=8
RCC.I2SClocksFreq_Value=150000000
ProjectManager.PreviousToolchain=STM32CubeIDE
RCC.APB2TimFreq_Value=100000000
PB6.Signal=GPIO_Output
RCC.VcooutputI2S=150000000
PA8.GPIOParameters=GPIO_Label
Mcu.Pin6=PB12
Mcu.Pin7=PB13
Mcu.Pin8=PB14
Mcu.Pin9=PB15
RCC.AHBFreq_Value=100000000
Mcu.Pin0=PC13-ANTI_TAMP
Mcu.Pin1=PH0 - OSC_IN
GPIO.groupedBy=
Mcu.Pin2=PH1 - OSC_OUT
Mcu.Pin3=PA0-WKUP
PA0-WKUP.GPIOParameters=GPIO_Label
Mcu.Pin4=PA7
Mcu.Pin5=PB10
ADC1.Channel-0\#ChannelRegularConversion=ADC_CHANNEL_TEMPSENSOR
ProjectManager.ProjectBuild=false
NVIC.TIM1_TRG_COM_TIM11_IRQn=true\:0\:0\:false\:false\:true\:false\:true
RCC.HSE_VALUE=25000000
NVIC.UsageFault_IRQn=true\:0\:0\:false\:false\:true\:false\:false
NVIC.DebugMonitor_IRQn=true\:0\:0\:false\:false\:true\:false\:false
PA8.Locked=true
PC13-ANTI_TAMP.Signal=GPIO_Output
NVIC.SysTick_IRQn=true\:0\:0\:false\:false\:false\:false\:true
PB12.GPIO_Label=FLASH_CS
ProjectManager.FirmwarePackage=STM32Cube FW_F4 V1.25.2
MxDb.Version=DB.6.0.10
ProjectManager.BackupPrevious=false
RCC.VCOInputFreq_Value=2083333.3333333333
PA14.Mode=Serial_Wire
PB14.Mode=Full_Duplex_Master
File.Version=6
SPI2.CalculateBaudRate=25.0 MBits/s
PB8.Locked=true
PA8.Signal=GPIO_Output
PB6.Locked=true
NVIC.PendSV_IRQn=true\:0\:0\:false\:false\:false\:false\:false
PB6.GPIOParameters=GPIO_Label
ProjectManager.HalAssertFull=false
ADC1.SamplingTime-0\#ChannelRegularConversion=ADC_SAMPLETIME_3CYCLES
ProjectManager.ProjectName=start
PB9.Signal=I2C1_SDA
Mcu.Package=UFQFPN48
PA7.Locked=true
NVIC.TimeBase=TIM1_TRG_COM_TIM11_IRQn
SPI2.Mode=SPI_MODE_MASTER
USART6.VirtualMode=VM_ASYNC
ProjectManager.ToolChainLocation=
RCC.LSI_VALUE=32000
NVIC.TimeBaseIP=TIM11
PA10.Signal=USART1_RX
PA15.Signal=GPIO_Output
RCC.APB1TimFreq_Value=100000000
NVIC.BusFault_IRQn=true\:0\:0\:false\:false\:true\:false\:false
SPI2.Direction=SPI_DIRECTION_2LINES
PB10.GPIOParameters=GPIO_Label
PB13.Mode=Full_Duplex_Master
NVIC.USART1_IRQn=true\:0\:0\:false\:false\:true\:true\:true
ProjectManager.CustomerFirmwarePackage=
PC13-ANTI_TAMP.GPIOParameters=GPIO_Label
RCC.PLLSourceVirtual=RCC_PLLSOURCE_HSE
ProjectManager.ProjectFileName=start.ioc
ADC1.Rank-0\#ChannelRegularConversion=1
PA10.Mode=Asynchronous
PA15.GPIOParameters=GPIO_Label
Mcu.PinsNb=23
ProjectManager.NoMain=true
PC13-ANTI_TAMP.GPIO_Label=LED3
ADC1.IPParameters=Rank-0\#ChannelRegularConversion,master,Channel-0\#ChannelRegularConversion,SamplingTime-0\#ChannelRegularConversion,NbrOfConversionFlag
USART6.IPParameters=VirtualMode
PH1\ -\ OSC_OUT.Mode=HSE-External-Clock-Source
ProjectManager.DefaultFWLocation=true
PB12.Locked=true
ProjectManager.DeletePrevious=false
RCC.APB1CLKDivider=RCC_HCLK_DIV2
PB10.Locked=true
RCC.FamilyName=M
PA0-WKUP.GPIO_Label=KEY1
PA0-WKUP.Signal=GPIO_Input
PA0-WKUP.Locked=true
NVIC.USART6_IRQn=true\:0\:0\:false\:false\:true\:true\:true
PA13.Signal=SYS_JTMS-SWDIO
PA15.Locked=true
PA11.Locked=true
PA9.Mode=Asynchronous
PH0\ -\ OSC_IN.Mode=HSE-External-Clock-Source
PA8.GPIO_Label=LED4
ProjectManager.TargetToolchain=STM32CubeIDE
PB10.GPIO_Label=BEEP
I2C1.I2C_Mode=I2C_Fast
PB9.Mode=I2C
PA9.Signal=USART1_TX
PB9.Locked=true
SPI2.IPParameters=VirtualType,Mode,Direction,CalculateBaudRate
RCC.VCOInputMFreq_Value=1562500
ProjectManager.RegisterCallBack=
RCC.LSE_VALUE=32768
PB10.Signal=GPIO_Output
RCC.VCOI2SOutputFreq_Value=300000000
PB14.Signal=SPI2_MISO
PH1\ -\ OSC_OUT.Signal=RCC_OSC_OUT
board=custom
RCC.VCOOutputFreq_Value=200000000
PC13-ANTI_TAMP.Locked=true
ProjectManager.LastFirmware=true
PB15.Mode=Full_Duplex_Master
VP_SYS_VS_tim11.Signal=SYS_VS_tim11
RCC.APB2Freq_Value=100000000
MxCube.Version=6.1.1
VP_ADC1_TempSens_Input.Signal=ADC1_TempSens_Input
RCC.EthernetFreq_Value=100000000
NVIC.NonMaskableInt_IRQn=true\:0\:0\:false\:false\:true\:false\:false
PA13.Mode=Serial_Wire
ProjectManager.FreePins=false
RCC.IPParameters=48MHZClocksFreq_Value,AHBFreq_Value,APB1CLKDivider,APB1Freq_Value,APB1TimFreq_Value,APB2Freq_Value,APB2TimFreq_Value,CortexFreq_Value,EthernetFreq_Value,FCLKCortexFreq_Value,FamilyName,HCLKFreq_Value,HSE_VALUE,HSI_VALUE,I2SClocksFreq_Value,LSE_VALUE,LSI_VALUE,PLLCLKFreq_Value,PLLM,PLLN,PLLQCLKFreq_Value,PLLSourceVirtual,RTCFreq_Value,RTCHSEDivFreq_Value,SYSCLKFreq_VALUE,SYSCLKSource,VCOI2SOutputFreq_Value,VCOInputFreq_Value,VCOInputMFreq_Value,VCOOutputFreq_Value,VcooutputI2S
ProjectManager.AskForMigrate=true
Mcu.Name=STM32F411C(C-E)Ux
VP_SYS_VS_tim11.Mode=TIM11
RCC.RTCHSEDivFreq_Value=12500000
ProjectManager.UnderRoot=true
Mcu.IP6=USART1
Mcu.IP7=USART6
ProjectManager.CoupleFile=true
RCC.48MHZClocksFreq_Value=50000000
RCC.SYSCLKFreq_VALUE=100000000
Mcu.Pin22=VP_SYS_VS_tim11
PA7.GPIO_Label=KEY2
Mcu.Pin20=PB9
ADC1.master=1
Mcu.Pin21=VP_ADC1_TempSens_Input
PA12.Mode=Asynchronous
NVIC.ForceEnableDMAVector=true
KeepUserPlacement=false
NVIC.MemoryManagement_IRQn=true\:0\:0\:false\:false\:true\:false\:false
USART1.VirtualMode=VM_ASYNC
ProjectManager.CompilerOptimize=6
PA11.Signal=USART6_TX
PA14.Signal=SYS_JTCK-SWCLK
ProjectManager.HeapSize=0x200
Mcu.Pin15=PA13
NVIC.HardFault_IRQn=true\:0\:0\:false\:false\:true\:false\:false
Mcu.Pin16=PA14
Mcu.Pin13=PA11
Mcu.Pin14=PA12
Mcu.Pin19=PB8
ProjectManager.ComputerToolchain=false
Mcu.Pin17=PA15
RCC.HSI_VALUE=16000000
Mcu.Pin18=PB6
NVIC.PriorityGroup=NVIC_PRIORITYGROUP_4
ADC1.NbrOfConversionFlag=1
Mcu.Pin11=PA9
Mcu.Pin12=PA10
RCC.PLLM=12
PB8.Mode=I2C
RCC.PLLN=96
Mcu.Pin10=PA8
PB8.Signal=I2C1_SCL
RCC.APB1Freq_Value=50000000
PA7.GPIOParameters=GPIO_Label
ProjectManager.DeviceId=STM32F411CEUx
PB12.GPIOParameters=GPIO_Label
PB12.Signal=GPIO_Output
ProjectManager.LibraryCopy=1
PA7.Signal=GPIO_Input
